
Microsoft Visual Studio Solution File, Format Version 12.00
# Visual Studio Version 17
VisualStudioVersion = 17.4.33205.214
MinimumVisualStudioVersion = 10.0.40219.1
Project("{FAE04EC0-301F-11D3-BF4B-00C04F79EFBC}") = "Class Inheritance", "Class Inheritance\Class Inheritance.csproj", "{2AC481D1-23CA-4121-B320-33A6F00717E2}"
EndProject
Project("{FAE04EC0-301F-11D3-BF4B-00C04F79EFBC}") = "Class Inheritance 2", "Class Inheritance 2\Class Inheritance 2.csproj", "{2BE62270-9DB6-408B-AC02-598D170B236C}"
EndProject
Global
	GlobalSection(SolutionConfigurationPlatforms) = preSolution
		Debug|Any CPU = Debug|Any CPU
		Release|Any CPU = Release|Any CPU
	EndGlobalSection
	GlobalSection(ProjectConfigurationPlatforms) = postSolution
		{2AC481D1-23CA-4121-B320-33A6F00717E2}.Debug|Any CPU.ActiveCfg = Debug|Any CPU
		{2AC481D1-23CA-4121-B320-33A6F00717E2}.Debug|Any CPU.Build.0 = Debug|Any CPU
		{2AC481D1-23CA-4121-B320-33A6F00717E2}.Release|Any CPU.ActiveCfg = Release|Any CPU
		{2AC481D1-23CA-4121-B320-33A6F00717E2}.Release|Any CPU.Build.0 = Release|Any CPU
		{2BE62270-9DB6-408B-AC02-598D170B236C}.Debug|Any CPU.ActiveCfg = Debug|Any CPU
		{2BE62270-9DB6-408B-AC02-598D170B236C}.Debug|Any CPU.Build.0 = Debug|Any CPU
		{2BE62270-9DB6-408B-AC02-598D170B236C}.Release|Any CPU.ActiveCfg = Release|Any CPU
		{2BE62270-9DB6-408B-AC02-598D170B236C}.Release|Any CPU.Build.0 = Release|Any CPU
	EndGlobalSection
	GlobalSection(SolutionProperties) = preSolution
		HideSolutionNode = FALSE
	EndGlobalSection
	GlobalSection(ExtensibilityGlobals) = postSolution
		SolutionGuid = {8F7D40F1-A964-4D55-AC36-743FC351DB23}
	EndGlobalSection
EndGlobal
